
Microsoft Visual Studio Solution File, Format Version 12.00
# Visual Studio Version 17
VisualStudioVersion = 17.6.33829.357
MinimumVisualStudioVersion = 10.0.40219.1
Project("{FAE04EC0-301F-11D3-BF4B-00C04F79EFBC}") = "Localization", "Localization\Localization.csproj", "{AA3D0BBE-D56C-4434-80D0-4EED664ADEA8}"
EndProject
Global
	GlobalSection(SolutionConfigurationPlatforms) = preSolution
		Debug|Any CPU = Debug|Any CPU
		Release|Any CPU = Release|Any CPU
	EndGlobalSection
	GlobalSection(ProjectConfigurationPlatforms) = postSolution
		{AA3D0BBE-D56C-4434-80D0-4EED664ADEA8}.Debug|Any CPU.ActiveCfg = Debug|Any CPU
		{AA3D0BBE-D56C-4434-80D0-4EED664ADEA8}.Debug|Any CPU.Build.0 = Debug|Any CPU
		{AA3D0BBE-D56C-4434-80D0-4EED664ADEA8}.Release|Any CPU.ActiveCfg = Release|Any CPU
		{AA3D0BBE-D56C-4434-80D0-4EED664ADEA8}.Release|Any CPU.Build.0 = Release|Any CPU
	EndGlobalSection
	GlobalSection(SolutionProperties) = preSolution
		HideSolutionNode = FALSE
	EndGlobalSection
	GlobalSection(ExtensibilityGlobals) = postSolution
		SolutionGuid = {C38346FE-4E89-43D1-A288-9159B848DC9B}
	EndGlobalSection
EndGlobal
